
Microsoft Visual Studio Solution File, Format Version 12.00
# Visual Studio 14
VisualStudioVersion = 14.0.25420.1
MinimumVisualStudioVersion = 10.0.40219.1
Project("{FAE04EC0-301F-11D3-BF4B-00C04F79EFBC}") = "MustacheDemo.App", "MustacheDemo.App\MustacheDemo.App.csproj", "{1CB74771-FB51-4339-9C88-EE42F6C47538}"
EndProject
Project("{FAE04EC0-301F-11D3-BF4B-00C04F79EFBC}") = "MustacheDemo.Core", "MustacheDemo.Core\MustacheDemo.Core.csproj", "{09517CC9-E27E-4B70-854B-454E263FFB63}"
EndProject
Project("{FAE04EC0-301F-11D3-BF4B-00C04F79EFBC}") = "MustacheDemo.Controls", "MustacheDemo.Controls\MustacheDemo.Controls.csproj", "{2B8A921A-6207-4C93-BE87-A673904CCA69}"
EndProject
Global
	GlobalSection(SolutionConfigurationPlatforms) = preSolution
		Debug|Any CPU = Debug|Any CPU
		Debug|ARM = Debug|ARM
		Debug|x64 = Debug|x64
		Debug|x86 = Debug|x86
		Release|Any CPU = Release|Any CPU
		Release|ARM = Release|ARM
		Release|x64 = Release|x64
		Release|x86 = Release|x86
	EndGlobalSection
	GlobalSection(ProjectConfigurationPlatforms) = postSolution
		{1CB74771-FB51-4339-9C88-EE42F6C47538}.Debug|Any CPU.ActiveCfg = Debug|x86
		{1CB74771-FB51-4339-9C88-EE42F6C47538}.Debug|ARM.ActiveCfg = Debug|ARM
		{1CB74771-FB51-4339-9C88-EE42F6C47538}.Debug|ARM.Build.0 = Debug|ARM
		{1CB74771-FB51-4339-9C88-EE42F6C47538}.Debug|ARM.Deploy.0 = Debug|ARM
		{1CB74771-FB51-4339-9C88-EE42F6C47538}.Debug|x64.ActiveCfg = Debug|x64
		{1CB74771-FB51-4339-9C88-EE42F6C47538}.Debug|x64.Build.0 = Debug|x64
		{1CB74771-FB51-4339-9C88-EE42F6C47538}.Debug|x64.Deploy.0 = Debug|x64
		{1CB74771-FB51-4339-9C88-EE42F6C47538}.Debug|x86.ActiveCfg = Debug|x86
		{1CB74771-FB51-4339-9C88-EE42F6C47538}.Debug|x86.Build.0 = Debug|x86
		{1CB74771-FB51-4339-9C88-EE42F6C47538}.Debug|x86.Deploy.0 = Debug|x86
		{1CB74771-FB51-4339-9C88-EE42F6C47538}.Release|Any CPU.ActiveCfg = Release|x86
		{1CB74771-FB51-4339-9C88-EE42F6C47538}.Release|ARM.ActiveCfg = Release|ARM
		{1CB74771-FB51-4339-9C88-EE42F6C47538}.Release|ARM.Build.0 = Release|ARM
		{1CB74771-FB51-4339-9C88-EE42F6C47538}.Release|ARM.Deploy.0 = Release|ARM
		{1CB74771-FB51-4339-9C88-EE42F6C47538}.Release|x64.ActiveCfg = Release|x64
		{1CB74771-FB51-4339-9C88-EE42F6C47538}.Release|x64.Build.0 = Release|x64
		{1CB74771-FB51-4339-9C88-EE42F6C47538}.Release|x64.Deploy.0 = Release|x64
		{1CB74771-FB51-4339-9C88-EE42F6C47538}.Release|x86.ActiveCfg = Release|x86
		{1CB74771-FB51-4339-9C88-EE42F6C47538}.Release|x86.Build.0 = Release|x86
		{1CB74771-FB51-4339-9C88-EE42F6C47538}.Release|x86.Deploy.0 = Release|x86
		{09517CC9-E27E-4B70-854B-454E263FFB63}.Debug|Any CPU.ActiveCfg = Debug|Any CPU
		{09517CC9-E27E-4B70-854B-454E263FFB63}.Debug|Any CPU.Build.0 = Debug|Any CPU
		{09517CC9-E27E-4B70-854B-454E263FFB63}.Debug|ARM.ActiveCfg = Debug|ARM
		{09517CC9-E27E-4B70-854B-454E263FFB63}.Debug|ARM.Build.0 = Debug|ARM
		{09517CC9-E27E-4B70-854B-454E263FFB63}.Debug|x64.ActiveCfg = Debug|x64
		{09517CC9-E27E-4B70-854B-454E263FFB63}.Debug|x64.Build.0 = Debug|x64
		{09517CC9-E27E-4B70-854B-454E263FFB63}.Debug|x86.ActiveCfg = Debug|x86
		{09517CC9-E27E-4B70-854B-454E263FFB63}.Debug|x86.Build.0 = Debug|x86
		{09517CC9-E27E-4B70-854B-454E263FFB63}.Release|Any CPU.ActiveCfg = Release|Any CPU
		{09517CC9-E27E-4B70-854B-454E263FFB63}.Release|Any CPU.Build.0 = Release|Any CPU
		{09517CC9-E27E-4B70-854B-454E263FFB63}.Release|ARM.ActiveCfg = Release|ARM
		{09517CC9-E27E-4B70-854B-454E263FFB63}.Release|ARM.Build.0 = Release|ARM
		{09517CC9-E27E-4B70-854B-454E263FFB63}.Release|x64.ActiveCfg = Release|x64
		{09517CC9-E27E-4B70-854B-454E263FFB63}.Release|x64.Build.0 = Release|x64
		{09517CC9-E27E-4B70-854B-454E263FFB63}.Release|x86.ActiveCfg = Release|x86
		{09517CC9-E27E-4B70-854B-454E263FFB63}.Release|x86.Build.0 = Release|x86
		{2B8A921A-6207-4C93-BE87-A673904CCA69}.Debug|Any CPU.ActiveCfg = Debug|Any CPU
		{2B8A921A-6207-4C93-BE87-A673904CCA69}.Debug|Any CPU.Build.0 = Debug|Any CPU
		{2B8A921A-6207-4C93-BE87-A673904CCA69}.Debug|ARM.ActiveCfg = Debug|ARM
		{2B8A921A-6207-4C93-BE87-A673904CCA69}.Debug|ARM.Build.0 = Debug|ARM
		{2B8A921A-6207-4C93-BE87-A673904CCA69}.Debug|x64.ActiveCfg = Debug|x64
		{2B8A921A-6207-4C93-BE87-A673904CCA69}.Debug|x64.Build.0 = Debug|x64
		{2B8A921A-6207-4C93-BE87-A673904CCA69}.Debug|x86.ActiveCfg = Debug|x86
		{2B8A921A-6207-4C93-BE87-A673904CCA69}.Debug|x86.Build.0 = Debug|x86
		{2B8A921A-6207-4C93-BE87-A673904CCA69}.Release|Any CPU.ActiveCfg = Release|Any CPU
		{2B8A921A-6207-4C93-BE87-A673904CCA69}.Release|Any CPU.Build.0 = Release|Any CPU
		{2B8A921A-6207-4C93-BE87-A673904CCA69}.Release|ARM.ActiveCfg = Release|ARM
		{2B8A921A-6207-4C93-BE87-A673904CCA69}.Release|ARM.Build.0 = Release|ARM
		{2B8A921A-6207-4C93-BE87-A673904CCA69}.Release|x64.ActiveCfg = Release|x64
		{2B8A921A-6207-4C93-BE87-A673904CCA69}.Release|x64.Build.0 = Release|x64
		{2B8A921A-6207-4C93-BE87-A673904CCA69}.Release|x86.ActiveCfg = Release|x86
		{2B8A921A-6207-4C93-BE87-A673904CCA69}.Release|x86.Build.0 = Release|x86
	EndGlobalSection
	GlobalSection(SolutionProperties) = preSolution
		HideSolutionNode = FALSE
	EndGlobalSection
EndGlobal
